{
  "name": "API-Switch",
  "lockfileVersion": 3,
  "requires": true,
  "packages": {
    "": {
      "dependencies": {
        "api-switch-cc": "^0.2.4"
      }
    },
    "node_modules/api-switch-cc": {
      "version": "0.2.4",
      "resolved": "https://registry.npmjs.org/api-switch-cc/-/api-switch-cc-0.2.4.tgz",
      "integrity": "sha512-NtI7rN5vN9CWUi+Y2fu5NrqnrUYYi2EVOYZ4w9KNTE5jXEljPMQcP0du6ZYw6NsP2snRmkHdv2MYwFMJghxumg==",
      "cpu": [
        "x64",
        "arm64"
      ],
      "hasInstallScript": true,
      "license": "MIT",
      "os": [
        "darwin",
        "linux",
        "win32"
      ],
      "bin": {
        "api-switch": "bin/api-switch"
      }
    }
  }
}
